
Microsoft Visual Studio Solution File, Format Version 12.00
# Visual Studio Version 17
VisualStudioVersion = 17.4.33205.214
MinimumVisualStudioVersion = 10.0.40219.1
Project("{FAE04EC0-301F-11D3-BF4B-00C04F79EFBC}") = "SistemaParticulas2", "SistemaParticulas2\SistemaParticulas2.csproj", "{240FEAC2-A48E-418E-8A23-1A90F88B505E}"
EndProject
Global
	GlobalSection(SolutionConfigurationPlatforms) = preSolution
		Debug|Any CPU = Debug|Any CPU
		Release|Any CPU = Release|Any CPU
	EndGlobalSection
	GlobalSection(ProjectConfigurationPlatforms) = postSolution
		{240FEAC2-A48E-418E-8A23-1A90F88B505E}.Debug|Any CPU.ActiveCfg = Debug|Any CPU
		{240FEAC2-A48E-418E-8A23-1A90F88B505E}.Debug|Any CPU.Build.0 = Debug|Any CPU
		{240FEAC2-A48E-418E-8A23-1A90F88B505E}.Release|Any CPU.ActiveCfg = Release|Any CPU
		{240FEAC2-A48E-418E-8A23-1A90F88B505E}.Release|Any CPU.Build.0 = Release|Any CPU
	EndGlobalSection
	GlobalSection(SolutionProperties) = preSolution
		HideSolutionNode = FALSE
	EndGlobalSection
	GlobalSection(ExtensibilityGlobals) = postSolution
		SolutionGuid = {F0AE4156-DE96-4AF8-9D3C-1FC4D3EB7F3E}
	EndGlobalSection
EndGlobal
